
Microsoft Visual Studio Solution File, Format Version 12.00
# Visual Studio Version 17
VisualStudioVersion = 17.1.32319.34
MinimumVisualStudioVersion = 10.0.40219.1
Project("{FAE04EC0-301F-11D3-BF4B-00C04F79EFBC}") = "Presentation", "Presentation\Presentation.csproj", "{1498DDFF-2297-4D9A-9D5A-30302A93FFFC}"
EndProject
Project("{FAE04EC0-301F-11D3-BF4B-00C04F79EFBC}") = "EntityLayer", "EntityLayer\EntityLayer.csproj", "{6DBCDEE7-0A23-45BF-A862-5C14A3ED6A10}"
EndProject
Project("{FAE04EC0-301F-11D3-BF4B-00C04F79EFBC}") = "DataAccessLayer", "DataAccessLayer\DataAccessLayer.csproj", "{70E38CFA-1F0B-4B53-915F-2F35D763E621}"
EndProject
Project("{FAE04EC0-301F-11D3-BF4B-00C04F79EFBC}") = "BussinessLayer", "BussinessLayer\BussinessLayer.csproj", "{12D4FC6C-76EC-448B-82D2-FE13D84E18D3}"
EndProject
Global
	GlobalSection(SolutionConfigurationPlatforms) = preSolution
		Debug|Any CPU = Debug|Any CPU
		Release|Any CPU = Release|Any CPU
	EndGlobalSection
	GlobalSection(ProjectConfigurationPlatforms) = postSolution
		{1498DDFF-2297-4D9A-9D5A-30302A93FFFC}.Debug|Any CPU.ActiveCfg = Debug|Any CPU
		{1498DDFF-2297-4D9A-9D5A-30302A93FFFC}.Debug|Any CPU.Build.0 = Debug|Any CPU
		{1498DDFF-2297-4D9A-9D5A-30302A93FFFC}.Release|Any CPU.ActiveCfg = Release|Any CPU
		{1498DDFF-2297-4D9A-9D5A-30302A93FFFC}.Release|Any CPU.Build.0 = Release|Any CPU
		{6DBCDEE7-0A23-45BF-A862-5C14A3ED6A10}.Debug|Any CPU.ActiveCfg = Debug|Any CPU
		{6DBCDEE7-0A23-45BF-A862-5C14A3ED6A10}.Debug|Any CPU.Build.0 = Debug|Any CPU
		{6DBCDEE7-0A23-45BF-A862-5C14A3ED6A10}.Release|Any CPU.ActiveCfg = Release|Any CPU
		{6DBCDEE7-0A23-45BF-A862-5C14A3ED6A10}.Release|Any CPU.Build.0 = Release|Any CPU
		{70E38CFA-1F0B-4B53-915F-2F35D763E621}.Debug|Any CPU.ActiveCfg = Debug|Any CPU
		{70E38CFA-1F0B-4B53-915F-2F35D763E621}.Debug|Any CPU.Build.0 = Debug|Any CPU
		{70E38CFA-1F0B-4B53-915F-2F35D763E621}.Release|Any CPU.ActiveCfg = Release|Any CPU
		{70E38CFA-1F0B-4B53-915F-2F35D763E621}.Release|Any CPU.Build.0 = Release|Any CPU
		{12D4FC6C-76EC-448B-82D2-FE13D84E18D3}.Debug|Any CPU.ActiveCfg = Debug|Any CPU
		{12D4FC6C-76EC-448B-82D2-FE13D84E18D3}.Debug|Any CPU.Build.0 = Debug|Any CPU
		{12D4FC6C-76EC-448B-82D2-FE13D84E18D3}.Release|Any CPU.ActiveCfg = Release|Any CPU
		{12D4FC6C-76EC-448B-82D2-FE13D84E18D3}.Release|Any CPU.Build.0 = Release|Any CPU
	EndGlobalSection
	GlobalSection(SolutionProperties) = preSolution
		HideSolutionNode = FALSE
	EndGlobalSection
	GlobalSection(ExtensibilityGlobals) = postSolution
		SolutionGuid = {A346A4A9-4F7A-4DD8-8516-63F60EB3EF04}
	EndGlobalSection
EndGlobal
